
Microsoft Visual Studio Solution File, Format Version 12.00
# Visual Studio 14
VisualStudioVersion = 14.0.25420.1
MinimumVisualStudioVersion = 10.0.40219.1
Project("{8BC9CEB8-8B4A-11D0-8D11-00A0C91BC942}") = "LiveServer", "LiveServer\LiveServer.vcxproj", "{131B5719-2AF1-4450-BBC8-9F3FDB4F42C0}"
EndProject
Project("{8BC9CEB8-8B4A-11D0-8D11-00A0C91BC942}") = "LiveClient", "LiveClient\LiveClient.vcxproj", "{4E778ED1-4861-4797-8E2E-2D0A74CD1E9B}"
EndProject
Project("{8BC9CEB8-8B4A-11D0-8D11-00A0C91BC942}") = "LiveServerForRtmp", "LiveServerForRtmp\LiveServerForRtmp.vcxproj", "{E85E13EB-1A97-4E96-8DD1-5BCCE4DB43F7}"
EndProject
Project("{8BC9CEB8-8B4A-11D0-8D11-00A0C91BC942}") = "Test", "Test\Test.vcxproj", "{A71CF2F2-530C-4CA2-ABC3-10F9000E83F6}"
EndProject
Project("{8BC9CEB8-8B4A-11D0-8D11-00A0C91BC942}") = "Camera", "Camera\Camera.vcxproj", "{5AC66CDA-886A-4D8B-91F3-FE96B20EA5B3}"
EndProject
Global
	GlobalSection(SolutionConfigurationPlatforms) = preSolution
		Debug|x64 = Debug|x64
		Debug|x86 = Debug|x86
		Release|x64 = Release|x64
		Release|x86 = Release|x86
	EndGlobalSection
	GlobalSection(ProjectConfigurationPlatforms) = postSolution
		{131B5719-2AF1-4450-BBC8-9F3FDB4F42C0}.Debug|x64.ActiveCfg = Debug|x64
		{131B5719-2AF1-4450-BBC8-9F3FDB4F42C0}.Debug|x64.Build.0 = Debug|x64
		{131B5719-2AF1-4450-BBC8-9F3FDB4F42C0}.Debug|x86.ActiveCfg = Debug|Win32
		{131B5719-2AF1-4450-BBC8-9F3FDB4F42C0}.Debug|x86.Build.0 = Debug|Win32
		{131B5719-2AF1-4450-BBC8-9F3FDB4F42C0}.Release|x64.ActiveCfg = Release|x64
		{131B5719-2AF1-4450-BBC8-9F3FDB4F42C0}.Release|x64.Build.0 = Release|x64
		{131B5719-2AF1-4450-BBC8-9F3FDB4F42C0}.Release|x86.ActiveCfg = Release|Win32
		{131B5719-2AF1-4450-BBC8-9F3FDB4F42C0}.Release|x86.Build.0 = Release|Win32
		{4E778ED1-4861-4797-8E2E-2D0A74CD1E9B}.Debug|x64.ActiveCfg = Debug|x64
		{4E778ED1-4861-4797-8E2E-2D0A74CD1E9B}.Debug|x64.Build.0 = Debug|x64
		{4E778ED1-4861-4797-8E2E-2D0A74CD1E9B}.Debug|x86.ActiveCfg = Debug|Win32
		{4E778ED1-4861-4797-8E2E-2D0A74CD1E9B}.Debug|x86.Build.0 = Debug|Win32
		{4E778ED1-4861-4797-8E2E-2D0A74CD1E9B}.Release|x64.ActiveCfg = Release|x64
		{4E778ED1-4861-4797-8E2E-2D0A74CD1E9B}.Release|x64.Build.0 = Release|x64
		{4E778ED1-4861-4797-8E2E-2D0A74CD1E9B}.Release|x86.ActiveCfg = Release|Win32
		{4E778ED1-4861-4797-8E2E-2D0A74CD1E9B}.Release|x86.Build.0 = Release|Win32
		{E85E13EB-1A97-4E96-8DD1-5BCCE4DB43F7}.Debug|x64.ActiveCfg = Debug|x64
		{E85E13EB-1A97-4E96-8DD1-5BCCE4DB43F7}.Debug|x64.Build.0 = Debug|x64
		{E85E13EB-1A97-4E96-8DD1-5BCCE4DB43F7}.Debug|x86.ActiveCfg = Debug|Win32
		{E85E13EB-1A97-4E96-8DD1-5BCCE4DB43F7}.Debug|x86.Build.0 = Debug|Win32
		{E85E13EB-1A97-4E96-8DD1-5BCCE4DB43F7}.Release|x64.ActiveCfg = Release|x64
		{E85E13EB-1A97-4E96-8DD1-5BCCE4DB43F7}.Release|x64.Build.0 = Release|x64
		{E85E13EB-1A97-4E96-8DD1-5BCCE4DB43F7}.Release|x86.ActiveCfg = Release|Win32
		{E85E13EB-1A97-4E96-8DD1-5BCCE4DB43F7}.Release|x86.Build.0 = Release|Win32
		{A71CF2F2-530C-4CA2-ABC3-10F9000E83F6}.Debug|x64.ActiveCfg = Debug|x64
		{A71CF2F2-530C-4CA2-ABC3-10F9000E83F6}.Debug|x64.Build.0 = Debug|x64
		{A71CF2F2-530C-4CA2-ABC3-10F9000E83F6}.Debug|x86.ActiveCfg = Debug|Win32
		{A71CF2F2-530C-4CA2-ABC3-10F9000E83F6}.Debug|x86.Build.0 = Debug|Win32
		{A71CF2F2-530C-4CA2-ABC3-10F9000E83F6}.Release|x64.ActiveCfg = Release|x64
		{A71CF2F2-530C-4CA2-ABC3-10F9000E83F6}.Release|x64.Build.0 = Release|x64
		{A71CF2F2-530C-4CA2-ABC3-10F9000E83F6}.Release|x86.ActiveCfg = Release|Win32
		{A71CF2F2-530C-4CA2-ABC3-10F9000E83F6}.Release|x86.Build.0 = Release|Win32
		{5AC66CDA-886A-4D8B-91F3-FE96B20EA5B3}.Debug|x64.ActiveCfg = Debug|x64
		{5AC66CDA-886A-4D8B-91F3-FE96B20EA5B3}.Debug|x64.Build.0 = Debug|x64
		{5AC66CDA-886A-4D8B-91F3-FE96B20EA5B3}.Debug|x86.ActiveCfg = Debug|Win32
		{5AC66CDA-886A-4D8B-91F3-FE96B20EA5B3}.Debug|x86.Build.0 = Debug|Win32
		{5AC66CDA-886A-4D8B-91F3-FE96B20EA5B3}.Release|x64.ActiveCfg = Release|x64
		{5AC66CDA-886A-4D8B-91F3-FE96B20EA5B3}.Release|x64.Build.0 = Release|x64
		{5AC66CDA-886A-4D8B-91F3-FE96B20EA5B3}.Release|x86.ActiveCfg = Release|Win32
		{5AC66CDA-886A-4D8B-91F3-FE96B20EA5B3}.Release|x86.Build.0 = Release|Win32
	EndGlobalSection
	GlobalSection(SolutionProperties) = preSolution
		HideSolutionNode = FALSE
	EndGlobalSection
EndGlobal
