<?xml version="1.0" encoding="utf-8"?>
<Project ToolsVersion="4.0" xmlns="http://schemas.microsoft.com/developer/msbuild/2003">
  <ItemGroup>
    <Filter Include="源文件">
      <UniqueIdentifier>{4FC737F1-C7A5-4376-A066-2A32D752A2FF}</UniqueIdentifier>
      <Extensions>cpp;c;cc;cxx;def;odl;idl;hpj;bat;asm;asmx</Extensions>
    </Filter>
    <Filter Include="头文件">
      <UniqueIdentifier>{93995380-89BD-4b04-88EB-625FBE52EBFB}</UniqueIdentifier>
      <Extensions>h;hh;hpp;hxx;hm;inl;inc;xsd</Extensions>
    </Filter>
    <Filter Include="资源文件">
      <UniqueIdentifier>{67DA6AB6-F800-4c08-8B7A-83BB121AAD01}</UniqueIdentifier>
      <Extensions>rc;ico;cur;bmp;dlg;rc2;rct;bin;rgs;gif;jpg;jpeg;jpe;resx;tiff;tif;png;wav;mfcribbon-ms</Extensions>
    </Filter>
  </ItemGroup>
  <ItemGroup>
    <Text Include="ReadMe.txt" />
  </ItemGroup>
  <ItemGroup>
    <ClInclude Include="stdafx.h">
      <Filter>头文件</Filter>
    </ClInclude>
    <ClInclude Include="targetver.h">
      <Filter>头文件</Filter>
    </ClInclude>
    <ClInclude Include="Rtmp\Rtmp.h">
      <Filter>头文件</Filter>
    </ClInclude>
    <ClInclude Include="Global\Codes.h">
      <Filter>头文件</Filter>
    </ClInclude>
    <ClInclude Include="Global\Funcs.h">
      <Filter>头文件</Filter>
    </ClInclude>
    <ClInclude Include="Rtmp\RtmpApp\RtmpApp.h">
      <Filter>头文件</Filter>
    </ClInclude>
    <ClInclude Include="Config\Config.h">
      <Filter>头文件</Filter>
    </ClInclude>
    <ClInclude Include="Rtmp\RtmpApp\RtmpRoom\RtmpRoom.h">
      <Filter>头文件</Filter>
    </ClInclude>
    <ClInclude Include="Rtmp\RtmpApp\RtmpRoom\RtmpClient\RtmpClient.h">
      <Filter>头文件</Filter>
    </ClInclude>
    <ClInclude Include="Rtmp\RtmpApp\Network\SocketIO.h">
      <Filter>头文件</Filter>
    </ClInclude>
    <ClInclude Include="Rtmp\RtmpApp\RtmpRoom\RtmpClient\Handles\Handshake\Handshake.h">
      <Filter>头文件</Filter>
    </ClInclude>
    <ClInclude Include="Rtmp\RtmpApp\RtmpRoom\RtmpClient\Handles\Handle.h">
      <Filter>头文件</Filter>
    </ClInclude>
    <ClInclude Include="Rtmp\RtmpApp\RtmpRoom\RtmpClient\Handles\Chunks\RtmpMessage\AMF\AMF.h">
      <Filter>头文件</Filter>
    </ClInclude>
    <ClInclude Include="Rtmp\RtmpApp\RtmpRoom\RtmpClient\Handles\Chunks\RtmpMessage\AMF\AMF0.h">
      <Filter>头文件</Filter>
    </ClInclude>
    <ClInclude Include="Rtmp\RtmpApp\RtmpRoom\RtmpClient\Handles\Chunks\RtmpMessage\AMF\AMF3.h">
      <Filter>头文件</Filter>
    </ClInclude>
    <ClInclude Include="Rtmp\RtmpApp\RtmpRoom\RtmpClient\Handles\Chunks\RtmpMessage\Command\Call.h">
      <Filter>头文件</Filter>
    </ClInclude>
    <ClInclude Include="Rtmp\RtmpApp\RtmpRoom\RtmpClient\Handles\Chunks\RtmpMessage\Command\Close.h">
      <Filter>头文件</Filter>
    </ClInclude>
    <ClInclude Include="Rtmp\RtmpApp\RtmpRoom\RtmpClient\Handles\Chunks\RtmpMessage\Command\CloseStream.h">
      <Filter>头文件</Filter>
    </ClInclude>
    <ClInclude Include="Rtmp\RtmpApp\RtmpRoom\RtmpClient\Handles\Chunks\RtmpMessage\Command\Commands.h">
      <Filter>头文件</Filter>
    </ClInclude>
    <ClInclude Include="Rtmp\RtmpApp\RtmpRoom\RtmpClient\Handles\Chunks\RtmpMessage\Command\Connect.h">
      <Filter>头文件</Filter>
    </ClInclude>
    <ClInclude Include="Rtmp\RtmpApp\RtmpRoom\RtmpClient\Handles\Chunks\RtmpMessage\Command\CreateStream.h">
      <Filter>头文件</Filter>
    </ClInclude>
    <ClInclude Include="Rtmp\RtmpApp\RtmpRoom\RtmpClient\Handles\Chunks\RtmpMessage\Command\DeleteStream.h">
      <Filter>头文件</Filter>
    </ClInclude>
    <ClInclude Include="Rtmp\RtmpApp\RtmpRoom\RtmpClient\Handles\Chunks\RtmpMessage\Command\Pause.h">
      <Filter>头文件</Filter>
    </ClInclude>
    <ClInclude Include="Rtmp\RtmpApp\RtmpRoom\RtmpClient\Handles\Chunks\RtmpMessage\Command\Play.h">
      <Filter>头文件</Filter>
    </ClInclude>
    <ClInclude Include="Rtmp\RtmpApp\RtmpRoom\RtmpClient\Handles\Chunks\RtmpMessage\Command\Play2.h">
      <Filter>头文件</Filter>
    </ClInclude>
    <ClInclude Include="Rtmp\RtmpApp\RtmpRoom\RtmpClient\Handles\Chunks\RtmpMessage\Command\Publish.h">
      <Filter>头文件</Filter>
    </ClInclude>
    <ClInclude Include="Rtmp\RtmpApp\RtmpRoom\RtmpClient\Handles\Chunks\RtmpMessage\Command\ReceiveAudio.h">
      <Filter>头文件</Filter>
    </ClInclude>
    <ClInclude Include="Rtmp\RtmpApp\RtmpRoom\RtmpClient\Handles\Chunks\RtmpMessage\Command\ReceiveVideo.h">
      <Filter>头文件</Filter>
    </ClInclude>
    <ClInclude Include="Rtmp\RtmpApp\RtmpRoom\RtmpClient\Handles\Chunks\RtmpMessage\Command\Seek.h">
      <Filter>头文件</Filter>
    </ClInclude>
    <ClInclude Include="Rtmp\RtmpApp\RtmpRoom\RtmpClient\Handles\Chunks\RtmpMessage\AbortMessage.h">
      <Filter>头文件</Filter>
    </ClInclude>
    <ClInclude Include="Rtmp\RtmpApp\RtmpRoom\RtmpClient\Handles\Chunks\RtmpMessage\Acknowledgement.h">
      <Filter>头文件</Filter>
    </ClInclude>
    <ClInclude Include="Rtmp\RtmpApp\RtmpRoom\RtmpClient\Handles\Chunks\RtmpMessage\AggregateMessage.h">
      <Filter>头文件</Filter>
    </ClInclude>
    <ClInclude Include="Rtmp\RtmpApp\RtmpRoom\RtmpClient\Handles\Chunks\RtmpMessage\AudioMessage.h">
      <Filter>头文件</Filter>
    </ClInclude>
    <ClInclude Include="Rtmp\RtmpApp\RtmpRoom\RtmpClient\Handles\Chunks\RtmpMessage\BaseMessage.h">
      <Filter>头文件</Filter>
    </ClInclude>
    <ClInclude Include="Rtmp\RtmpApp\RtmpRoom\RtmpClient\Handles\Chunks\RtmpMessage\CommandMessage.h">
      <Filter>头文件</Filter>
    </ClInclude>
    <ClInclude Include="Rtmp\RtmpApp\RtmpRoom\RtmpClient\Handles\Chunks\RtmpMessage\DataMessage.h">
      <Filter>头文件</Filter>
    </ClInclude>
    <ClInclude Include="Rtmp\RtmpApp\RtmpRoom\RtmpClient\Handles\Chunks\RtmpMessage\RtmpMessage.h">
      <Filter>头文件</Filter>
    </ClInclude>
    <ClInclude Include="Rtmp\RtmpApp\RtmpRoom\RtmpClient\Handles\Chunks\RtmpMessage\SetChunkSize.h">
      <Filter>头文件</Filter>
    </ClInclude>
    <ClInclude Include="Rtmp\RtmpApp\RtmpRoom\RtmpClient\Handles\Chunks\RtmpMessage\SetPeerBandwidth.h">
      <Filter>头文件</Filter>
    </ClInclude>
    <ClInclude Include="Rtmp\RtmpApp\RtmpRoom\RtmpClient\Handles\Chunks\RtmpMessage\SharedObjectMessage.h">
      <Filter>头文件</Filter>
    </ClInclude>
    <ClInclude Include="Rtmp\RtmpApp\RtmpRoom\RtmpClient\Handles\Chunks\RtmpMessage\UserControlMessages.h">
      <Filter>头文件</Filter>
    </ClInclude>
    <ClInclude Include="Rtmp\RtmpApp\RtmpRoom\RtmpClient\Handles\Chunks\RtmpMessage\VideoMessage.h">
      <Filter>头文件</Filter>
    </ClInclude>
    <ClInclude Include="Rtmp\RtmpApp\RtmpRoom\RtmpClient\Handles\Chunks\RtmpMessage\WindowAcknowledgementSize.h">
      <Filter>头文件</Filter>
    </ClInclude>
    <ClInclude Include="Rtmp\RtmpApp\RtmpRoom\RtmpClient\Handles\Chunks\Chunks.h">
      <Filter>头文件</Filter>
    </ClInclude>
    <ClInclude Include="Rtmp\RtmpApp\RtmpRoom\RtmpClient\Handles\Chunks\ChunkHeader\ChunkHeader.h">
      <Filter>头文件</Filter>
    </ClInclude>
  </ItemGroup>
  <ItemGroup>
    <ClCompile Include="stdafx.cpp">
      <Filter>源文件</Filter>
    </ClCompile>
    <ClCompile Include="LiveServerForRtmp.cpp">
      <Filter>源文件</Filter>
    </ClCompile>
    <ClCompile Include="Rtmp\Rtmp.cpp">
      <Filter>源文件</Filter>
    </ClCompile>
    <ClCompile Include="Rtmp\RtmpApp\RtmpApp.cpp">
      <Filter>源文件</Filter>
    </ClCompile>
    <ClCompile Include="Config\Config.cpp">
      <Filter>源文件</Filter>
    </ClCompile>
    <ClCompile Include="Rtmp\RtmpApp\Network\SocketIO.cpp">
      <Filter>源文件</Filter>
    </ClCompile>
    <ClCompile Include="Rtmp\RtmpApp\RtmpRoom\RtmpClient\Handles\Handshake\Handshake.cpp">
      <Filter>源文件</Filter>
    </ClCompile>
    <ClCompile Include="Rtmp\RtmpApp\RtmpRoom\RtmpClient\Handles\Chunks\RtmpMessage\AMF\AMF0.cpp">
      <Filter>源文件</Filter>
    </ClCompile>
    <ClCompile Include="Rtmp\RtmpApp\RtmpRoom\RtmpClient\Handles\Chunks\RtmpMessage\AMF\AMF3.cpp">
      <Filter>源文件</Filter>
    </ClCompile>
    <ClCompile Include="Rtmp\RtmpApp\RtmpRoom\RtmpClient\Handles\Chunks\RtmpMessage\AbortMessage.cpp">
      <Filter>源文件</Filter>
    </ClCompile>
    <ClCompile Include="Rtmp\RtmpApp\RtmpRoom\RtmpClient\Handles\Chunks\RtmpMessage\Acknowledgement.cpp">
      <Filter>源文件</Filter>
    </ClCompile>
    <ClCompile Include="Rtmp\RtmpApp\RtmpRoom\RtmpClient\Handles\Chunks\RtmpMessage\AggregateMessage.cpp">
      <Filter>源文件</Filter>
    </ClCompile>
    <ClCompile Include="Rtmp\RtmpApp\RtmpRoom\RtmpClient\Handles\Chunks\RtmpMessage\AudioMessage.cpp">
      <Filter>源文件</Filter>
    </ClCompile>
    <ClCompile Include="Rtmp\RtmpApp\RtmpRoom\RtmpClient\Handles\Chunks\RtmpMessage\BaseMessage.cpp">
      <Filter>源文件</Filter>
    </ClCompile>
    <ClCompile Include="Rtmp\RtmpApp\RtmpRoom\RtmpClient\Handles\Chunks\RtmpMessage\CommandMessage.cpp">
      <Filter>源文件</Filter>
    </ClCompile>
    <ClCompile Include="Rtmp\RtmpApp\RtmpRoom\RtmpClient\Handles\Chunks\RtmpMessage\DataMessage.cpp">
      <Filter>源文件</Filter>
    </ClCompile>
    <ClCompile Include="Rtmp\RtmpApp\RtmpRoom\RtmpClient\Handles\Chunks\RtmpMessage\RtmpMessage.cpp">
      <Filter>源文件</Filter>
    </ClCompile>
    <ClCompile Include="Rtmp\RtmpApp\RtmpRoom\RtmpClient\Handles\Chunks\RtmpMessage\SetChunkSize.cpp">
      <Filter>源文件</Filter>
    </ClCompile>
    <ClCompile Include="Rtmp\RtmpApp\RtmpRoom\RtmpClient\Handles\Chunks\RtmpMessage\SetPeerBandwidth.cpp">
      <Filter>源文件</Filter>
    </ClCompile>
    <ClCompile Include="Rtmp\RtmpApp\RtmpRoom\RtmpClient\Handles\Chunks\RtmpMessage\SharedObjectMessage.cpp">
      <Filter>源文件</Filter>
    </ClCompile>
    <ClCompile Include="Rtmp\RtmpApp\RtmpRoom\RtmpClient\Handles\Chunks\RtmpMessage\UserControlMessages.cpp">
      <Filter>源文件</Filter>
    </ClCompile>
    <ClCompile Include="Rtmp\RtmpApp\RtmpRoom\RtmpClient\Handles\Chunks\RtmpMessage\VideoMessage.cpp">
      <Filter>源文件</Filter>
    </ClCompile>
    <ClCompile Include="Rtmp\RtmpApp\RtmpRoom\RtmpClient\Handles\Chunks\RtmpMessage\WindowAcknowledgementSize.cpp">
      <Filter>源文件</Filter>
    </ClCompile>
    <ClCompile Include="Rtmp\RtmpApp\RtmpRoom\RtmpClient\Handles\Chunks\Chunks.cpp">
      <Filter>源文件</Filter>
    </ClCompile>
    <ClCompile Include="Rtmp\RtmpApp\RtmpRoom\RtmpClient\Handles\Chunks\ChunkHeader\ChunkHeader.cpp">
      <Filter>源文件</Filter>
    </ClCompile>
    <ClCompile Include="Rtmp\RtmpApp\RtmpRoom\RtmpClient\Handles\Chunks\RtmpMessage\Command\Connect.cpp">
      <Filter>源文件</Filter>
    </ClCompile>
  </ItemGroup>
</Project>