<?xml version="1.0" encoding="utf-8"?>
<Project ToolsVersion="4.0" xmlns="http://schemas.microsoft.com/developer/msbuild/2003">
  <ItemGroup>
    <Filter Include="源文件">
      <UniqueIdentifier>{4FC737F1-C7A5-4376-A066-2A32D752A2FF}</UniqueIdentifier>
      <Extensions>cpp;c;cc;cxx;def;odl;idl;hpj;bat;asm;asmx</Extensions>
    </Filter>
    <Filter Include="头文件">
      <UniqueIdentifier>{93995380-89BD-4b04-88EB-625FBE52EBFB}</UniqueIdentifier>
      <Extensions>h;hh;hpp;hxx;hm;inl;inc;xsd</Extensions>
    </Filter>
    <Filter Include="资源文件">
      <UniqueIdentifier>{67DA6AB6-F800-4c08-8B7A-83BB121AAD01}</UniqueIdentifier>
      <Extensions>rc;ico;cur;bmp;dlg;rc2;rct;bin;rgs;gif;jpg;jpeg;jpe;resx;tiff;tif;png;wav;mfcribbon-ms</Extensions>
    </Filter>
  </ItemGroup>
  <ItemGroup>
    <Text Include="ReadMe.txt" />
  </ItemGroup>
  <ItemGroup>
    <ClInclude Include="stdafx.h">
      <Filter>头文件</Filter>
    </ClInclude>
    <ClInclude Include="targetver.h">
      <Filter>头文件</Filter>
    </ClInclude>
    <ClInclude Include="Rtmp\Rtmp.h">
      <Filter>头文件</Filter>
    </ClInclude>
    <ClInclude Include="Global\Codes.h">
      <Filter>头文件</Filter>
    </ClInclude>
    <ClInclude Include="Global\Funcs.h">
      <Filter>头文件</Filter>
    </ClInclude>
    <ClInclude Include="Rtmp\RtmpApp\RtmpApp.h">
      <Filter>头文件</Filter>
    </ClInclude>
    <ClInclude Include="Config\Config.h">
      <Filter>头文件</Filter>
    </ClInclude>
    <ClInclude Include="Rtmp\RtmpApp\RtmpRoom\RtmpRoom.h">
      <Filter>头文件</Filter>
    </ClInclude>
    <ClInclude Include="Rtmp\RtmpApp\RtmpRoom\RtmpClient\RtmpClient.h">
      <Filter>头文件</Filter>
    </ClInclude>
    <ClInclude Include="Rtmp\RtmpApp\RtmpRoom\RtmpClient\Handshake\Handshake.h">
      <Filter>头文件</Filter>
    </ClInclude>
    <ClInclude Include="Rtmp\RtmpApp\RtmpRoom\RtmpClient\RtmpMessages\RtmpMessages.h">
      <Filter>头文件</Filter>
    </ClInclude>
    <ClInclude Include="Rtmp\RtmpApp\Network\SocketIO.h">
      <Filter>头文件</Filter>
    </ClInclude>
    <ClInclude Include="Rtmp\RtmpApp\RtmpRoom\RtmpClient\RtmpMessages\RtmpMessage\Chunk\Chunk.h">
      <Filter>头文件</Filter>
    </ClInclude>
    <ClInclude Include="Rtmp\RtmpApp\RtmpRoom\RtmpClient\RtmpMessages\RtmpMessage\RtmpMsg.h">
      <Filter>头文件</Filter>
    </ClInclude>
    <ClInclude Include="Rtmp\RtmpApp\RtmpRoom\RtmpClient\RtmpMessages\AMF\AMF0.h">
      <Filter>头文件</Filter>
    </ClInclude>
    <ClInclude Include="Rtmp\RtmpApp\RtmpRoom\RtmpClient\RtmpMessages\AMF\AMF3.h">
      <Filter>头文件</Filter>
    </ClInclude>
  </ItemGroup>
  <ItemGroup>
    <ClCompile Include="stdafx.cpp">
      <Filter>源文件</Filter>
    </ClCompile>
    <ClCompile Include="LiveServerForRtmp.cpp">
      <Filter>源文件</Filter>
    </ClCompile>
    <ClCompile Include="Rtmp\Rtmp.cpp">
      <Filter>源文件</Filter>
    </ClCompile>
    <ClCompile Include="Rtmp\RtmpApp\RtmpApp.cpp">
      <Filter>源文件</Filter>
    </ClCompile>
    <ClCompile Include="Config\Config.cpp">
      <Filter>源文件</Filter>
    </ClCompile>
    <ClCompile Include="Rtmp\RtmpApp\RtmpRoom\RtmpClient\Handshake\Handshake.cpp">
      <Filter>源文件</Filter>
    </ClCompile>
    <ClCompile Include="Rtmp\RtmpApp\Network\SocketIO.cpp">
      <Filter>源文件</Filter>
    </ClCompile>
    <ClCompile Include="Rtmp\RtmpApp\RtmpRoom\RtmpClient\RtmpMessages\RtmpMessage\Chunk\Chunk.cpp">
      <Filter>源文件</Filter>
    </ClCompile>
    <ClCompile Include="Rtmp\RtmpApp\RtmpRoom\RtmpClient\RtmpMessages\RtmpMessage\RtmpMsg.cpp">
      <Filter>源文件</Filter>
    </ClCompile>
    <ClCompile Include="Rtmp\RtmpApp\RtmpRoom\RtmpClient\RtmpMessages\RtmpMessages.cpp">
      <Filter>源文件</Filter>
    </ClCompile>
    <ClCompile Include="Rtmp\RtmpApp\RtmpRoom\RtmpClient\RtmpMessages\AMF\AMF0.cpp">
      <Filter>源文件</Filter>
    </ClCompile>
    <ClCompile Include="Rtmp\RtmpApp\RtmpRoom\RtmpClient\RtmpMessages\AMF\AMF3.cpp">
      <Filter>源文件</Filter>
    </ClCompile>
  </ItemGroup>
</Project>